PODS:
  - ScaledVisibleCellsCollectionView (0.2.0)

DEPENDENCIES:
  - ScaledVisibleCellsCollectionView (from `../`)

EXTERNAL SOURCES:
  ScaledVisibleCellsCollectionView:
    :path: "../"

SPEC CHECKSUMS:
  ScaledVisibleCellsCollectionView: 51925cc9b392e572a94e010843e0e349d1f399ac

PODFILE CHECKSUM: 6a074e72d7cdd8f82d6add88e6a3a33ac143564e

COCOAPODS: 1.10.0
